<?xml version="1.0" encoding="utf-8"?>
<Project ToolsVersion="4.0" xmlns="http://schemas.microsoft.com/developer/msbuild/2003">
  <ItemGroup>
    <Filter Include="Header Files">
      <UniqueIdentifier>{93995380-89BD-4b04-88EB-625FBE52EBFB}</UniqueIdentifier>
      <Extensions>h;hh;hpp;hxx;h++;hm;inl;inc;ipp;xsd</Extensions>
    </Filter>
    <Filter Include="Source Files">
      <UniqueIdentifier>{4FC737F1-C7A5-4376-A066-2A32D752A2FF}</UniqueIdentifier>
      <Extensions>cpp;c;cc;cxx;c++;cppm;ixx;def;odl;idl;hpj;bat;asm;asmx</Extensions>
    </Filter>
    <Filter Include="Asset Files">
      <UniqueIdentifier>{2eeef4de-0855-11ec-8226-00155df5bb00}</UniqueIdentifier>
      <Extensions>gif;ico;jpg;jpeg;png;svg;tiff</Extensions>
    </Filter>
    <Filter Include="Data Files">
      <UniqueIdentifier>{028a18ed-59b6-49a6-88c3-e5bcc142780c}</UniqueIdentifier>
      <Extensions>csv;dat;psv;tsv;txt</Extensions>
    </Filter>
    <Filter Include="Resource Files">
      <UniqueIdentifier>{eca1dbff-a101-42fe-9004-8f739c10806c}</UniqueIdentifier>
      <Extensions>conf;config;editorconfig;ini;json;props;rc;settings;xml;yaml</Extensions>
    </Filter>
  </ItemGroup>
  <ItemGroup>
    <ClCompile Include="algo.cpp">
      <Filter>Source Files</Filter>
    </ClCompile>
    <ClCompile Include="arg_ex.cpp">
      <Filter>Source Files</Filter>
    </ClCompile>
    <ClCompile Include="arg_parser.cpp">
      <Filter>Source Files</Filter>
    </ClCompile>
    <ClCompile Include="endpoint.cpp">
      <Filter>Source Files</Filter>
    </ClCompile>
    <ClCompile Include="exception.cpp">
      <Filter>Source Files</Filter>
    </ClCompile>
    <ClCompile Include="file.cpp">
      <Filter>Source Files</Filter>
    </ClCompile>
    <ClCompile Include="hostname.cpp">
      <Filter>Source Files</Filter>
    </ClCompile>
    <ClCompile Include="http_version.cpp">
      <Filter>Source Files</Filter>
    </ClCompile>
    <ClCompile Include="json.cpp">
      <Filter>Source Files</Filter>
    </ClCompile>
    <ClCompile Include="logic_ex.cpp">
      <Filter>Source Files</Filter>
    </ClCompile>
    <ClCompile Include="main.cpp">
      <Filter>Source Files</Filter>
    </ClCompile>
    <ClCompile Include="net.cpp">
      <Filter>Source Files</Filter>
    </ClCompile>
    <ClCompile Include="null_arg_ex.cpp">
      <Filter>Source Files</Filter>
    </ClCompile>
    <ClCompile Include="null_ptr_ex.cpp">
      <Filter>Source Files</Filter>
    </ClCompile>
    <ClCompile Include="path.cpp">
      <Filter>Source Files</Filter>
    </ClCompile>
    <ClCompile Include="runtime_ex.cpp">
      <Filter>Source Files</Filter>
    </ClCompile>
    <ClCompile Include="svc_info.cpp">
      <Filter>Source Files</Filter>
    </ClCompile>
    <ClCompile Include="svc_table.cpp">
      <Filter>Source Files</Filter>
    </ClCompile>
    <ClCompile Include="tcp_client.cpp">
      <Filter>Source Files</Filter>
    </ClCompile>
    <ClCompile Include="tcp_scanner.cpp">
      <Filter>Source Files</Filter>
    </ClCompile>
    <ClCompile Include="text_rc.cpp">
      <Filter>Source Files</Filter>
    </ClCompile>
    <ClCompile Include="thread_pool.cpp">
      <Filter>Source Files</Filter>
    </ClCompile>
    <ClCompile Include="timer.cpp">
      <Filter>Source Files</Filter>
    </ClCompile>
    <ClCompile Include="tls_client.cpp">
      <Filter>Source Files</Filter>
    </ClCompile>
    <ClCompile Include="tls_scanner.cpp">
      <Filter>Source Files</Filter>
    </ClCompile>
    <ClCompile Include="util.cpp">
      <Filter>Source Files</Filter>
    </ClCompile>
  </ItemGroup>
  <ItemGroup>
    <ClInclude Include="includes/concepts/concepts.h">
      <Filter>Header Files</Filter>
    </ClInclude>
    <ClInclude Include="includes/concepts/http_concepts.h">
      <Filter>Header Files</Filter>
    </ClInclude>
    <ClInclude Include="includes/concepts/socket_concepts.h">
      <Filter>Header Files</Filter>
    </ClInclude>
    <ClInclude Include="includes/concepts/thread_concepts.h">
      <Filter>Header Files</Filter>
    </ClInclude>
    <ClInclude Include="includes/console/arg_parser.h">
      <Filter>Header Files</Filter>
    </ClInclude>
    <ClInclude Include="includes/console/args.h">
      <Filter>Header Files</Filter>
    </ClInclude>
    <ClInclude Include="includes/console/color.h">
      <Filter>Header Files</Filter>
    </ClInclude>
    <ClInclude Include="includes/console/indexed_arg.h">
      <Filter>Header Files</Filter>
    </ClInclude>
    <ClInclude Include="includes/console/util.h">
      <Filter>Header Files</Filter>
    </ClInclude>
    <ClInclude Include="includes/contracts/i_args_parser.h">
      <Filter>Header Files</Filter>
    </ClInclude>
    <ClInclude Include="includes/contracts/i_string_castable.h">
      <Filter>Header Files</Filter>
    </ClInclude>
    <ClInclude Include="includes/errors/arg_ex.h">
      <Filter>Header Files</Filter>
    </ClInclude>
    <ClInclude Include="includes/errors/error_const_defs.h">
      <Filter>Header Files</Filter>
    </ClInclude>
    <ClInclude Include="includes/errors/exception.h">
      <Filter>Header Files</Filter>
    </ClInclude>
    <ClInclude Include="includes/errors/logic_ex.h">
      <Filter>Header Files</Filter>
    </ClInclude>
    <ClInclude Include="includes/errors/null_arg_ex.h">
      <Filter>Header Files</Filter>
    </ClInclude>
    <ClInclude Include="includes/errors/null_ptr_ex.h">
      <Filter>Header Files</Filter>
    </ClInclude>
    <ClInclude Include="includes/errors/runtime_ex.h">
      <Filter>Header Files</Filter>
    </ClInclude>
    <ClInclude Include="includes/file_system/file.h">
      <Filter>Header Files</Filter>
    </ClInclude>
    <ClInclude Include="includes/file_system/file_system_aliases.h">
      <Filter>Header Files</Filter>
    </ClInclude>
    <ClInclude Include="includes/file_system/path.h">
      <Filter>Header Files</Filter>
    </ClInclude>
    <ClInclude Include="includes/file_system/path_info.h">
      <Filter>Header Files</Filter>
    </ClInclude>
    <ClInclude Include="includes/inet/http/http_version.h">
      <Filter>Header Files</Filter>
    </ClInclude>
    <ClInclude Include="includes/inet/http/message.h">
      <Filter>Header Files</Filter>
    </ClInclude>
    <ClInclude Include="includes/inet/http/request.h">
      <Filter>Header Files</Filter>
    </ClInclude>
    <ClInclude Include="includes/inet/http/response.h">
      <Filter>Header Files</Filter>
    </ClInclude>
    <ClInclude Include="includes/inet/net.h">
      <Filter>Header Files</Filter>
    </ClInclude>
    <ClInclude Include="includes/inet/net_aliases.h">
      <Filter>Header Files</Filter>
    </ClInclude>
    <ClInclude Include="includes/inet/net_const_defs.h">
      <Filter>Header Files</Filter>
    </ClInclude>
    <ClInclude Include="includes/inet/scanners/tcp_scanner.h">
      <Filter>Header Files</Filter>
    </ClInclude>
    <ClInclude Include="includes/inet/scanners/tls_scanner.h">
      <Filter>Header Files</Filter>
    </ClInclude>
    <ClInclude Include="includes/inet/services/svc_field.h">
      <Filter>Header Files</Filter>
    </ClInclude>
    <ClInclude Include="includes/inet/services/svc_info.h">
      <Filter>Header Files</Filter>
    </ClInclude>
    <ClInclude Include="includes/inet/services/svc_table.h">
      <Filter>Header Files</Filter>
    </ClInclude>
    <ClInclude Include="includes/inet/sockets/endpoint.h">
      <Filter>Header Files</Filter>
    </ClInclude>
    <ClInclude Include="includes/inet/sockets/host_state.h">
      <Filter>Header Files</Filter>
    </ClInclude>
    <ClInclude Include="includes/inet/sockets/hostname.h">
      <Filter>Header Files</Filter>
    </ClInclude>
    <ClInclude Include="includes/inet/sockets/tcp_client.h">
      <Filter>Header Files</Filter>
    </ClInclude>
    <ClInclude Include="includes/inet/sockets/timeout.h">
      <Filter>Header Files</Filter>
    </ClInclude>
    <ClInclude Include="includes/inet/sockets/tls_client.h">
      <Filter>Header Files</Filter>
    </ClInclude>
    <ClInclude Include="includes/main.h">
      <Filter>Header Files</Filter>
    </ClInclude>
    <ClInclude Include="includes/ranges/algo.h">
      <Filter>Header Files</Filter>
    </ClInclude>
    <ClInclude Include="includes/ranges/const_iterator.h">
      <Filter>Header Files</Filter>
    </ClInclude>
    <ClInclude Include="includes/ranges/iterator.h">
      <Filter>Header Files</Filter>
    </ClInclude>
    <ClInclude Include="includes/ranges/iterator_traits.h">
      <Filter>Header Files</Filter>
    </ClInclude>
    <ClInclude Include="includes/ranges/list.h">
      <Filter>Header Files</Filter>
    </ClInclude>
    <ClInclude Include="includes/resources/resource.h">
      <Filter>Header Files</Filter>
    </ClInclude>
    <ClInclude Include="includes/resources/text_rc.h">
      <Filter>Header Files</Filter>
    </ClInclude>
    <ClInclude Include="includes/threading/task_status.h">
      <Filter>Header Files</Filter>
    </ClInclude>
    <ClInclude Include="includes/threading/thread_aliases.h">
      <Filter>Header Files</Filter>
    </ClInclude>
    <ClInclude Include="includes/threading/thread_pool.h">
      <Filter>Header Files</Filter>
    </ClInclude>
    <ClInclude Include="includes/utils/aliases.h">
      <Filter>Header Files</Filter>
    </ClInclude>
    <ClInclude Include="includes/utils/c_string.h">
      <Filter>Header Files</Filter>
    </ClInclude>
    <ClInclude Include="includes/utils/const_defs.h">
      <Filter>Header Files</Filter>
    </ClInclude>
    <ClInclude Include="includes/utils/eol.h">
      <Filter>Header Files</Filter>
    </ClInclude>
    <ClInclude Include="includes/utils/json.h">
      <Filter>Header Files</Filter>
    </ClInclude>
    <ClInclude Include="includes/utils/literals.h">
      <Filter>Header Files</Filter>
    </ClInclude>
    <ClInclude Include="includes/utils/timer.h">
      <Filter>Header Files</Filter>
    </ClInclude>
  </ItemGroup>
  <ItemGroup>
    <Image Include="assets/mainicon.ico">
      <Filter>Asset Files</Filter>
    </Image>
    <None Include=".editorconfig">
      <Filter>Resource Files</Filter>
    </None>
    <None Include="data/ports.csv">
      <Filter>Data Files</Filter>
    </None>
    <ResourceCompile Include="svcscan.rc">
      <Filter>Resource Files</Filter>
    </ResourceCompile>
  </ItemGroup>
</Project>
