<?xml version="1.0" encoding="utf-8"?>
<Project ToolsVersion="4.0" xmlns="http://schemas.microsoft.com/developer/msbuild/2003">
  <ItemGroup>
    <Filter Include="Header Files">
      <UniqueIdentifier>{93995380-89BD-4b04-88EB-625FBE52EBFB}</UniqueIdentifier>
      <Extensions>h;hh;hpp;hxx;h++;hm;inl;inc;ipp;xsd</Extensions>
    </Filter>
    <Filter Include="Source Files">
      <UniqueIdentifier>{4FC737F1-C7A5-4376-A066-2A32D752A2FF}</UniqueIdentifier>
      <Extensions>cpp;c;cc;cxx;c++;cppm;ixx;def;odl;idl;hpj;bat;asm;asmx</Extensions>
    </Filter>
    <Filter Include="Asset Files">
      <UniqueIdentifier>{2eeef4de-0855-11ec-8226-00155df5bb00}</UniqueIdentifier>
      <Extensions>gif;ico;jpg;jpeg;png;svg;tiff</Extensions>
    </Filter>
    <Filter Include="Data Files">
      <UniqueIdentifier>{028a18ed-59b6-49a6-88c3-e5bcc142780c}</UniqueIdentifier>
      <Extensions>csv;dat;psv;tsv;txt</Extensions>
    </Filter>
    <Filter Include="Resource Files">
      <UniqueIdentifier>{eca1dbff-a101-42fe-9004-8f739c10806c}</UniqueIdentifier>
      <Extensions>conf;config;editorconfig;ini;json;props;rc;settings;xml;yaml</Extensions>
    </Filter>
  </ItemGroup>
  <ItemGroup>
    <ClCompile Include="src/arg_ex.cpp">
      <Filter>Source Files</Filter>
    </ClCompile>
    <ClCompile Include="src/arg_parser.cpp">
      <Filter>Source Files</Filter>
    </ClCompile>
    <ClCompile Include="src/args.cpp">
      <Filter>Source Files</Filter>
    </ClCompile>
    <ClCompile Include="src/endpoint.cpp">
      <Filter>Source Files</Filter>
    </ClCompile>
    <ClCompile Include="src/file_stream.cpp">
      <Filter>Source Files</Filter>
    </ClCompile>
    <ClCompile Include="src/hostname.cpp">
      <Filter>Source Files</Filter>
    </ClCompile>
    <ClCompile Include="src/http_version.cpp">
      <Filter>Source Files</Filter>
    </ClCompile>
    <ClCompile Include="src/logic_ex.cpp">
      <Filter>Source Files</Filter>
    </ClCompile>
    <ClCompile Include="src/net_util.cpp">
      <Filter>Source Files</Filter>
    </ClCompile>
    <ClCompile Include="src/null_arg_ex.cpp">
      <Filter>Source Files</Filter>
    </ClCompile>
    <ClCompile Include="src/null_ptr_ex.cpp">
      <Filter>Source Files</Filter>
    </ClCompile>
    <ClCompile Include="src/path.cpp">
      <Filter>Source Files</Filter>
    </ClCompile>
    <ClCompile Include="src/record.cpp">
      <Filter>Source Files</Filter>
    </ClCompile>
    <ClCompile Include="src/runtime_ex.cpp">
      <Filter>Source Files</Filter>
    </ClCompile>
    <ClCompile Include="src/scanner.cpp">
      <Filter>Source Files</Filter>
    </ClCompile>
    <ClCompile Include="src/std_util.cpp">
      <Filter>Source Files</Filter>
    </ClCompile>
    <ClCompile Include="src/svc_info.cpp">
      <Filter>Source Files</Filter>
    </ClCompile>
    <ClCompile Include="src/svcscan.cpp">
      <Filter>Source Files</Filter>
    </ClCompile>
    <ClCompile Include="src/svc_table.cpp">
      <Filter>Source Files</Filter>
    </ClCompile>
    <ClCompile Include="src/tcp_client.cpp">
      <Filter>Source Files</Filter>
    </ClCompile>
    <ClCompile Include="src/text_rc.cpp">
      <Filter>Source Files</Filter>
    </ClCompile>
    <ClCompile Include="src/timeout.cpp">
      <Filter>Source Files</Filter>
    </ClCompile>
    <ClCompile Include="src/timer.cpp">
      <Filter>Source Files</Filter>
    </ClCompile>
    <ClCompile Include="src/tls_client.cpp">
      <Filter>Source Files</Filter>
    </ClCompile>
    <ClCompile Include="src/util.cpp">
      <Filter>Source Files</Filter>
    </ClCompile>
  </ItemGroup>
  <ItemGroup>
    <ClInclude Include="src/includes/constraints/http_concepts.h">
      <Filter>Header Files</Filter>
    </ClInclude>
    <ClInclude Include="src/includes/constraints/type_concepts.h">
      <Filter>Header Files</Filter>
    </ClInclude>
    <ClInclude Include="src/includes/containers/generic/iterator.h">
      <Filter>Header Files</Filter>
    </ClInclude>
    <ClInclude Include="src/includes/containers/generic/list.h">
      <Filter>Header Files</Filter>
    </ClInclude>
    <ClInclude Include="src/includes/containers/record.h">
      <Filter>Header Files</Filter>
    </ClInclude>
    <ClInclude Include="src/includes/containers/svc_field.h">
      <Filter>Header Files</Filter>
    </ClInclude>
    <ClInclude Include="src/includes/containers/svc_table.h">
      <Filter>Header Files</Filter>
    </ClInclude>
    <ClInclude Include="src/includes/contracts/i_args_parser.h">
      <Filter>Header Files</Filter>
    </ClInclude>
    <ClInclude Include="src/includes/contracts/i_string_castable.h">
      <Filter>Header Files</Filter>
    </ClInclude>
    <ClInclude Include="src/includes/except/arg_ex.h">
      <Filter>Header Files</Filter>
    </ClInclude>
    <ClInclude Include="src/includes/except/exception.h">
      <Filter>Header Files</Filter>
    </ClInclude>
    <ClInclude Include="src/includes/except/logic_ex.h">
      <Filter>Header Files</Filter>
    </ClInclude>
    <ClInclude Include="src/includes/except/null_arg_ex.h">
      <Filter>Header Files</Filter>
    </ClInclude>
    <ClInclude Include="src/includes/except/null_ptr_ex.h">
      <Filter>Header Files</Filter>
    </ClInclude>
    <ClInclude Include="src/includes/except/runtime_ex.h">
      <Filter>Header Files</Filter>
    </ClInclude>
    <ClInclude Include="src/includes/filesys/file_stream.h">
      <Filter>Header Files</Filter>
    </ClInclude>
    <ClInclude Include="src/includes/filesys/path.h">
      <Filter>Header Files</Filter>
    </ClInclude>
    <ClInclude Include="src/includes/filesys/path_info.h">
      <Filter>Header Files</Filter>
    </ClInclude>
    <ClInclude Include="src/includes/inet/http/http_msg.h">
      <Filter>Header Files</Filter>
    </ClInclude>
    <ClInclude Include="src/includes/inet/http/http_version.h">
      <Filter>Header Files</Filter>
    </ClInclude>
    <ClInclude Include="src/includes/inet/http/request.h">
      <Filter>Header Files</Filter>
    </ClInclude>
    <ClInclude Include="src/includes/inet/http/response.h">
      <Filter>Header Files</Filter>
    </ClInclude>
    <ClInclude Include="src/includes/inet/net_util.h">
      <Filter>Header Files</Filter>
    </ClInclude>
    <ClInclude Include="src/includes/inet/scanner.h">
      <Filter>Header Files</Filter>
    </ClInclude>
    <ClInclude Include="src/includes/inet/sockets/endpoint.h">
      <Filter>Header Files</Filter>
    </ClInclude>
    <ClInclude Include="src/includes/inet/sockets/hostname.h">
      <Filter>Header Files</Filter>
    </ClInclude>
    <ClInclude Include="src/includes/inet/sockets/host_state.h">
      <Filter>Header Files</Filter>
    </ClInclude>
    <ClInclude Include="src/includes/inet/sockets/svc_info.h">
      <Filter>Header Files</Filter>
    </ClInclude>
    <ClInclude Include="src/includes/inet/sockets/tcp_client.h">
      <Filter>Header Files</Filter>
    </ClInclude>
    <ClInclude Include="src/includes/inet/sockets/timeout.h">
      <Filter>Header Files</Filter>
    </ClInclude>
    <ClInclude Include="src/includes/inet/sockets/tls_client.h">
      <Filter>Header Files</Filter>
    </ClInclude>
    <ClInclude Include="src/includes/io/std_util.h">
      <Filter>Header Files</Filter>
    </ClInclude>
    <ClInclude Include="src/includes/resources/resource.h">
      <Filter>Header Files</Filter>
    </ClInclude>
    <ClInclude Include="src/includes/resources/text_rc.h">
      <Filter>Header Files</Filter>
    </ClInclude>
    <ClInclude Include="src/includes/utils/arg_parser.h">
      <Filter>Header Files</Filter>
    </ClInclude>
    <ClInclude Include="src/includes/utils/args.h">
      <Filter>Header Files</Filter>
    </ClInclude>
    <ClInclude Include="src/includes/utils/timer.h">
      <Filter>Header Files</Filter>
    </ClInclude>
    <ClInclude Include="src/includes/utils/util.h">
      <Filter>Header Files</Filter>
    </ClInclude>
  </ItemGroup>
  <ItemGroup>
    <Image Include="assets/mainicon.ico">
      <Filter>Asset Files</Filter>
    </Image>
    <None Include=".editorconfig">
      <Filter>Resource Files</Filter>
    </None>
    <None Include="data/ports.csv">
      <Filter>Data Files</Filter>
    </None>
    <ResourceCompile Include="svcscan.rc">
      <Filter>Resource Files</Filter>
    </ResourceCompile>
  </ItemGroup>
</Project>
