<?xml version="1.0" encoding="utf-8"?>
<Project ToolsVersion="4.0" xmlns="http://schemas.microsoft.com/developer/msbuild/2003">
  <ItemGroup>
    <Filter Include="Header Files">
      <UniqueIdentifier>{93995380-89BD-4b04-88EB-625FBE52EBFB}</UniqueIdentifier>
      <Extensions>h;hh;hpp;hxx;h++;hm;inl;inc;ipp;xsd</Extensions>
    </Filter>
    <Filter Include="Source Files">
      <UniqueIdentifier>{4FC737F1-C7A5-4376-A066-2A32D752A2FF}</UniqueIdentifier>
      <Extensions>cpp;c;cc;cxx;c++;cppm;ixx;def;odl;idl;hpj;bat;asm;asmx</Extensions>
    </Filter>
    <Filter Include="Asset Files">
      <UniqueIdentifier>{2eeef4de-0855-11ec-8226-00155df5bb00}</UniqueIdentifier>
      <Extensions>gif;ico;jpg;jpeg;png;svg;tiff</Extensions>
    </Filter>
    <Filter Include="Data Files">
      <UniqueIdentifier>{028a18ed-59b6-49a6-88c3-e5bcc142780c}</UniqueIdentifier>
      <Extensions>csv;dat;psv;tsv;txt</Extensions>
    </Filter>
    <Filter Include="Resource Files">
      <UniqueIdentifier>{eca1dbff-a101-42fe-9004-8f739c10806c}</UniqueIdentifier>
      <Extensions>conf;config;editorconfig;ini;json;props;rc;settings;xml;yaml</Extensions>
    </Filter>
  </ItemGroup>
  <ItemGroup>
    <ClCompile Include="src/argex.cpp">
      <Filter>Source Files</Filter>
    </ClCompile>
    <ClCompile Include="src/argparser.cpp">
      <Filter>Source Files</Filter>
    </ClCompile>
    <ClCompile Include="src/args.cpp">
      <Filter>Source Files</Filter>
    </ClCompile>
    <ClCompile Include="src/endpoint.cpp">
      <Filter>Source Files</Filter>
    </ClCompile>
    <ClCompile Include="src/filestream.cpp">
      <Filter>Source Files</Filter>
    </ClCompile>
    <ClCompile Include="src/hostname.cpp">
      <Filter>Source Files</Filter>
    </ClCompile>
    <ClCompile Include="src/httpversion.cpp">
      <Filter>Source Files</Filter>
    </ClCompile>
    <ClCompile Include="src/logicex.cpp">
      <Filter>Source Files</Filter>
    </ClCompile>
    <ClCompile Include="src/netutil.cpp">
      <Filter>Source Files</Filter>
    </ClCompile>
    <ClCompile Include="src/nullargex.cpp">
      <Filter>Source Files</Filter>
    </ClCompile>
    <ClCompile Include="src/nullptrex.cpp">
      <Filter>Source Files</Filter>
    </ClCompile>
    <ClCompile Include="src/path.cpp">
      <Filter>Source Files</Filter>
    </ClCompile>
    <ClCompile Include="src/record.cpp">
      <Filter>Source Files</Filter>
    </ClCompile>
    <ClCompile Include="src/runtimeex.cpp">
      <Filter>Source Files</Filter>
    </ClCompile>
    <ClCompile Include="src/scanner.cpp">
      <Filter>Source Files</Filter>
    </ClCompile>
    <ClCompile Include="src/stdutil.cpp">
      <Filter>Source Files</Filter>
    </ClCompile>
    <ClCompile Include="src/svcinfo.cpp">
      <Filter>Source Files</Filter>
    </ClCompile>
    <ClCompile Include="src/svcscan.cpp">
      <Filter>Source Files</Filter>
    </ClCompile>
    <ClCompile Include="src/svctable.cpp">
      <Filter>Source Files</Filter>
    </ClCompile>
    <ClCompile Include="src/textrc.cpp">
      <Filter>Source Files</Filter>
    </ClCompile>
    <ClCompile Include="src/timeout.cpp">
      <Filter>Source Files</Filter>
    </ClCompile>
    <ClCompile Include="src/tcpclient.cpp">
      <Filter>Source Files</Filter>
    </ClCompile>
    <ClCompile Include="src/timer.cpp">
      <Filter>Source Files</Filter>
    </ClCompile>
    <ClCompile Include="src/util.cpp">
      <Filter>Source Files</Filter>
    </ClCompile>
  </ItemGroup>
  <ItemGroup>
    <ClInclude Include="src/includes/constraints/httpconcepts.h">
      <Filter>Header Files</Filter>
    </ClInclude>
    <ClInclude Include="src/includes/constraints/typeconcepts.h">
      <Filter>Header Files</Filter>
    </ClInclude>
    <ClInclude Include="src/includes/containers/generic/iterator.h">
      <Filter>Header Files</Filter>
    </ClInclude>
    <ClInclude Include="src/includes/containers/generic/list.h">
      <Filter>Header Files</Filter>
    </ClInclude>
    <ClInclude Include="src/includes/containers/record.h">
      <Filter>Header Files</Filter>
    </ClInclude>
    <ClInclude Include="src/includes/containers/svcfield.h">
      <Filter>Header Files</Filter>
    </ClInclude>
    <ClInclude Include="src/includes/containers/svctable.h">
      <Filter>Header Files</Filter>
    </ClInclude>
    <ClInclude Include="src/includes/contracts/iargsparser.h">
      <Filter>Header Files</Filter>
    </ClInclude>
    <ClInclude Include="src/includes/contracts/istringcastable.h">
      <Filter>Header Files</Filter>
    </ClInclude>
    <ClInclude Include="src/includes/except/argex.h">
      <Filter>Header Files</Filter>
    </ClInclude>
    <ClInclude Include="src/includes/except/exception.h">
      <Filter>Header Files</Filter>
    </ClInclude>
    <ClInclude Include="src/includes/except/logicex.h">
      <Filter>Header Files</Filter>
    </ClInclude>
    <ClInclude Include="src/includes/except/nullargex.h">
      <Filter>Header Files</Filter>
    </ClInclude>
    <ClInclude Include="src/includes/except/nullptrex.h">
      <Filter>Header Files</Filter>
    </ClInclude>
    <ClInclude Include="src/includes/except/runtimeex.h">
      <Filter>Header Files</Filter>
    </ClInclude>
    <ClInclude Include="src/includes/filesys/filestream.h">
      <Filter>Header Files</Filter>
    </ClInclude>
    <ClInclude Include="src/includes/filesys/path.h">
      <Filter>Header Files</Filter>
    </ClInclude>
    <ClInclude Include="src/includes/filesys/pathinfo.h">
      <Filter>Header Files</Filter>
    </ClInclude>
    <ClInclude Include="src/includes/inet/http/httpmsg.h">
      <Filter>Header Files</Filter>
    </ClInclude>
    <ClInclude Include="src/includes/inet/http/httpversion.h">
      <Filter>Header Files</Filter>
    </ClInclude>
    <ClInclude Include="src/includes/inet/http/request.h">
      <Filter>Header Files</Filter>
    </ClInclude>
    <ClInclude Include="src/includes/inet/http/response.h">
      <Filter>Header Files</Filter>
    </ClInclude>
    <ClInclude Include="src/includes/inet/netutil.h">
      <Filter>Header Files</Filter>
    </ClInclude>
    <ClInclude Include="src/includes/inet/scanner.h">
      <Filter>Header Files</Filter>
    </ClInclude>
    <ClInclude Include="src/includes/inet/sockets/endpoint.h">
      <Filter>Header Files</Filter>
    </ClInclude>
    <ClInclude Include="src/includes/inet/sockets/hostname.h">
      <Filter>Header Files</Filter>
    </ClInclude>
    <ClInclude Include="src/includes/inet/sockets/hoststate.h">
      <Filter>Header Files</Filter>
    </ClInclude>
    <ClInclude Include="src/includes/inet/sockets/svcinfo.h">
      <Filter>Header Files</Filter>
    </ClInclude>
    <ClInclude Include="src/includes/inet/sockets/tcpclient.h">
      <Filter>Header Files</Filter>
    </ClInclude>
    <ClInclude Include="src/includes/inet/sockets/timeout.h">
      <Filter>Header Files</Filter>
    </ClInclude>
    <ClInclude Include="src/includes/io/stdutil.h">
      <Filter>Header Files</Filter>
    </ClInclude>
    <ClInclude Include="src/includes/rc/resource.h">
      <Filter>Header Files</Filter>
    </ClInclude>
    <ClInclude Include="src/includes/rc/textrc.h">
      <Filter>Header Files</Filter>
    </ClInclude>
    <ClInclude Include="src/includes/utils/argparser.h">
      <Filter>Header Files</Filter>
    </ClInclude>
    <ClInclude Include="src/includes/utils/args.h">
      <Filter>Header Files</Filter>
    </ClInclude>
    <ClInclude Include="src/includes/utils/timer.h">
      <Filter>Header Files</Filter>
    </ClInclude>
    <ClInclude Include="src/includes/utils/util.h">
      <Filter>Header Files</Filter>
    </ClInclude>
  </ItemGroup>
  <ItemGroup>
    <Image Include="assets/mainicon.ico">
      <Filter>Asset Files</Filter>
    </Image>
    <None Include=".editorconfig">
      <Filter>Resource Files</Filter>
    </None>
    <None Include="data/ports.csv">
      <Filter>Data Files</Filter>
    </None>
    <ResourceCompile Include="svcscan.rc">
      <Filter>Resource Files</Filter>
    </ResourceCompile>
  </ItemGroup>
</Project>
